{
  "name": "dots-site",
  "lockfileVersion": 3,
  "requires": true,
  "packages": {
    "": {
      "name": "dots-site",
      "dependencies": {
        "basic-ftp": "^6.0.2"
      }
    },
    "node_modules/basic-ftp": {
      "version": "6.2.1",
      "resolved": "https://registry.npmjs.org/basic-ftp/-/basic-ftp-6.2.1.tgz",
      "integrity": "sha512-bK67isD+lKq46AU8vNtjvMaT2ZqAOAmNCbxUHlFBRD4k15NWxyEjmaKtZPlgce58So4BNTjITGQOVTjL9y0ECA==",
      "license": "MIT",
      "engines": {
        "node": ">=10.0.0"
      }
    }
  }
}
